[tools.actionlint]
version = "1.7.7"
backend = "aqua:rhysd/actionlint"

[tools.actionlint.platforms.macos-arm64]
checksum = "sha256:2693315b9093aeacb4ebd91a993fea54fc215057bf0da2659056b4bc033873db"
size = 1962532
url = "https://github.com/rhysd/actionlint/releases/download/v1.7.7/actionlint_1.7.7_darwin_arm64.tar.gz"

[tools.node]
version = "24.7.0"
backend = "core:node"

[tools.node.platforms.macos-arm64]
checksum = "sha256:ff8298faaf82c85444aad7f1e12a4882496286ea9008702029b359d7fac7f8b3"
size = 51078653
url = "https://nodejs.org/dist/v24.7.0/node-v24.7.0-darwin-arm64.tar.gz"

[tools."npm:@antfu/ni"]
version = "25.0.0"
backend = "npm:@antfu/ni"
