# @generated - this file is auto-generated by `mise lock` https://mise.jdx.dev/dev-tools/mise-lock.html

[[tools.actionlint]]
version = "1.7.11"
backend = "aqua:rhysd/actionlint"
"platforms.macos-x64" = { checksum = "sha256:17ffc17fed8f0258ef6ad4aed932d3272464c7ef7d64e1cb0d65aa97c9752107", url = "https://github.com/rhysd/actionlint/releases/download/v1.7.11/actionlint_1.7.11_darwin_amd64.tar.gz"}

[[tools.lazygit]]
version = "0.59.0"
backend = "aqua:jesseduffield/lazygit"
"platforms.macos-x64" = { checksum = "sha256:365db34a92d017f7e77fe03aa461a921c6a31832fa9d427a7b06c86732821f55", url = "https://github.com/jesseduffield/lazygit/releases/download/v0.59.0/lazygit_0.59.0_darwin_x86_64.tar.gz"}

[[tools.neovim]]
version = "0.11.6"
backend = "aqua:neovim/neovim"
"platforms.macos-x64" = { checksum = "sha256:6e665bb0a711cf974050e0f7183dbb696b1e7425814eb87df7cb094a49054a06", url = "https://github.com/neovim/neovim/releases/download/v0.11.6/nvim-macos-x86_64.tar.gz"}

[[tools.node]]
version = "24.14.0"
backend = "core:node"

[[tools."npm:@antfu/ni"]]
version = "28.3.0"
backend = "npm:@antfu/ni"

[[tools.ripgrep]]
version = "15.1.0"
backend = "aqua:BurntSushi/ripgrep"
"platforms.macos-x64" = { checksum = "sha256:64811cb24e77cac3057d6c40b63ac9becf9082eedd54ca411b475b755d334882", url = "https://github.com/BurntSushi/ripgrep/releases/download/15.1.0/ripgrep-15.1.0-x86_64-apple-darwin.tar.gz"}
